
Microsoft Visual Studio Solution File, Format Version 12.00
# Visual Studio 2012
Project("{FAE04EC0-301F-11D3-BF4B-00C04F79EFBC}") = "PompeEssence Logique", "PompeEssence Logique\PompeEssence Logique.csproj", "{5114EBBA-D31E-4E45-A6B9-5D7D516861DD}"
EndProject
Global
	GlobalSection(SolutionConfigurationPlatforms) = preSolution
		Debug|Any CPU = Debug|Any CPU
		Release|Any CPU = Release|Any CPU
	EndGlobalSection
	GlobalSection(ProjectConfigurationPlatforms) = postSolution
		{5114EBBA-D31E-4E45-A6B9-5D7D516861DD}.Debug|Any CPU.ActiveCfg = Debug|Any CPU
		{5114EBBA-D31E-4E45-A6B9-5D7D516861DD}.Debug|Any CPU.Build.0 = Debug|Any CPU
		{5114EBBA-D31E-4E45-A6B9-5D7D516861DD}.Release|Any CPU.ActiveCfg = Release|Any CPU
		{5114EBBA-D31E-4E45-A6B9-5D7D516861DD}.Release|Any CPU.Build.0 = Release|Any CPU
	EndGlobalSection
	GlobalSection(SolutionProperties) = preSolution
		HideSolutionNode = FALSE
	EndGlobalSection
EndGlobal
